
Microsoft Visual Studio Solution File, Format Version 12.00
# Visual Studio Version 16
VisualStudioVersion = 16.0.30717.126
MinimumVisualStudioVersion = 10.0.40219.1
Project("{FAE04EC0-301F-11D3-BF4B-00C04F79EFBC}") = "LINQ_OefREEKS2-28-01", "LINQ_OefREEKS2-28-01.csproj", "{84AF8CA4-6CA6-40F9-A894-1225763A67D4}"
EndProject
Global
	GlobalSection(SolutionConfigurationPlatforms) = preSolution
		Debug|Any CPU = Debug|Any CPU
		Release|Any CPU = Release|Any CPU
	EndGlobalSection
	GlobalSection(ProjectConfigurationPlatforms) = postSolution
		{84AF8CA4-6CA6-40F9-A894-1225763A67D4}.Debug|Any CPU.ActiveCfg = Debug|Any CPU
		{84AF8CA4-6CA6-40F9-A894-1225763A67D4}.Debug|Any CPU.Build.0 = Debug|Any CPU
		{84AF8CA4-6CA6-40F9-A894-1225763A67D4}.Release|Any CPU.ActiveCfg = Release|Any CPU
		{84AF8CA4-6CA6-40F9-A894-1225763A67D4}.Release|Any CPU.Build.0 = Release|Any CPU
	EndGlobalSection
	GlobalSection(SolutionProperties) = preSolution
		HideSolutionNode = FALSE
	EndGlobalSection
	GlobalSection(ExtensibilityGlobals) = postSolution
		SolutionGuid = {C14D6AB5-F4AE-4223-9781-CFC82DC1DCD3}
	EndGlobalSection
EndGlobal
